
Microsoft Visual Studio Solution File, Format Version 12.00
# Visual Studio Version 16
VisualStudioVersion = 16.0.31702.278
MinimumVisualStudioVersion = 10.0.40219.1
Project("{9A19103F-16F7-4668-BE54-9A1E7A4F7556}") = "DatingService", "DatingService\DatingService.csproj", "{4380D427-2895-4AAB-8CE7-BF1AACED720F}"
EndProject
Project("{9A19103F-16F7-4668-BE54-9A1E7A4F7556}") = "DatingService.Domain", "DatingService.Domain\DatingService.Domain.csproj", "{CED70EEE-CEE1-465A-BA37-D8202D801D7D}"
EndProject
Project("{9A19103F-16F7-4668-BE54-9A1E7A4F7556}") = "DatingService.Infrastructure", "DatingService.Infrastructure\DatingService.Infrastructure.csproj", "{8D6FDD48-BE17-4A31-8A47-BA34D46B8C7B}"
EndProject
Project("{9A19103F-16F7-4668-BE54-9A1E7A4F7556}") = "DatingService.Persistence", "DatingService.Persistence\DatingService.Persistence.csproj", "{86060211-51EC-411C-BDBB-78F32B848AA9}"
EndProject
Project("{9A19103F-16F7-4668-BE54-9A1E7A4F7556}") = "DatingService.Service", "DatingService.Service\DatingService.Service.csproj", "{F7FB7505-0CC6-4894-A3AF-EAF031269E84}"
EndProject
Project("{00D1A9C2-B5F0-4AF3-8072-F6C62B433612}") = "DatingService.Database", "DatingService.Database\DatingService.Database.sqlproj", "{69C37A83-751D-490A-B4A5-48A859EF7F06}"
EndProject
Project("{FAE04EC0-301F-11D3-BF4B-00C04F79EFBC}") = "DatingService.Tests", "DatingService.Tests\DatingService.Tests.csproj", "{0FC271DD-639A-4809-BE72-B30C2605250C}"
EndProject
Global
	GlobalSection(SolutionConfigurationPlatforms) = preSolution
		Debug|Any CPU = Debug|Any CPU
		Release|Any CPU = Release|Any CPU
	EndGlobalSection
	GlobalSection(ProjectConfigurationPlatforms) = postSolution
		{4380D427-2895-4AAB-8CE7-BF1AACED720F}.Debug|Any CPU.ActiveCfg = Debug|Any CPU
		{4380D427-2895-4AAB-8CE7-BF1AACED720F}.Debug|Any CPU.Build.0 = Debug|Any CPU
		{4380D427-2895-4AAB-8CE7-BF1AACED720F}.Release|Any CPU.ActiveCfg = Release|Any CPU
		{4380D427-2895-4AAB-8CE7-BF1AACED720F}.Release|Any CPU.Build.0 = Release|Any CPU
		{CED70EEE-CEE1-465A-BA37-D8202D801D7D}.Debug|Any CPU.ActiveCfg = Debug|Any CPU
		{CED70EEE-CEE1-465A-BA37-D8202D801D7D}.Debug|Any CPU.Build.0 = Debug|Any CPU
		{CED70EEE-CEE1-465A-BA37-D8202D801D7D}.Release|Any CPU.ActiveCfg = Release|Any CPU
		{CED70EEE-CEE1-465A-BA37-D8202D801D7D}.Release|Any CPU.Build.0 = Release|Any CPU
		{8D6FDD48-BE17-4A31-8A47-BA34D46B8C7B}.Debug|Any CPU.ActiveCfg = Debug|Any CPU
		{8D6FDD48-BE17-4A31-8A47-BA34D46B8C7B}.Debug|Any CPU.Build.0 = Debug|Any CPU
		{8D6FDD48-BE17-4A31-8A47-BA34D46B8C7B}.Release|Any CPU.ActiveCfg = Release|Any CPU
		{8D6FDD48-BE17-4A31-8A47-BA34D46B8C7B}.Release|Any CPU.Build.0 = Release|Any CPU
		{86060211-51EC-411C-BDBB-78F32B848AA9}.Debug|Any CPU.ActiveCfg = Debug|Any CPU
		{86060211-51EC-411C-BDBB-78F32B848AA9}.Debug|Any CPU.Build.0 = Debug|Any CPU
		{86060211-51EC-411C-BDBB-78F32B848AA9}.Release|Any CPU.ActiveCfg = Release|Any CPU
		{86060211-51EC-411C-BDBB-78F32B848AA9}.Release|Any CPU.Build.0 = Release|Any CPU
		{F7FB7505-0CC6-4894-A3AF-EAF031269E84}.Debug|Any CPU.ActiveCfg = Debug|Any CPU
		{F7FB7505-0CC6-4894-A3AF-EAF031269E84}.Debug|Any CPU.Build.0 = Debug|Any CPU
		{F7FB7505-0CC6-4894-A3AF-EAF031269E84}.Release|Any CPU.ActiveCfg = Release|Any CPU
		{F7FB7505-0CC6-4894-A3AF-EAF031269E84}.Release|Any CPU.Build.0 = Release|Any CPU
		{69C37A83-751D-490A-B4A5-48A859EF7F06}.Debug|Any CPU.ActiveCfg = Debug|Any CPU
		{69C37A83-751D-490A-B4A5-48A859EF7F06}.Debug|Any CPU.Build.0 = Debug|Any CPU
		{69C37A83-751D-490A-B4A5-48A859EF7F06}.Debug|Any CPU.Deploy.0 = Debug|Any CPU
		{69C37A83-751D-490A-B4A5-48A859EF7F06}.Release|Any CPU.ActiveCfg = Release|Any CPU
		{69C37A83-751D-490A-B4A5-48A859EF7F06}.Release|Any CPU.Build.0 = Release|Any CPU
		{69C37A83-751D-490A-B4A5-48A859EF7F06}.Release|Any CPU.Deploy.0 = Release|Any CPU
		{0FC271DD-639A-4809-BE72-B30C2605250C}.Debug|Any CPU.ActiveCfg = Debug|Any CPU
		{0FC271DD-639A-4809-BE72-B30C2605250C}.Debug|Any CPU.Build.0 = Debug|Any CPU
		{0FC271DD-639A-4809-BE72-B30C2605250C}.Release|Any CPU.ActiveCfg = Release|Any CPU
		{0FC271DD-639A-4809-BE72-B30C2605250C}.Release|Any CPU.Build.0 = Release|Any CPU
	EndGlobalSection
	GlobalSection(SolutionProperties) = preSolution
		HideSolutionNode = FALSE
	EndGlobalSection
	GlobalSection(ExtensibilityGlobals) = postSolution
		SolutionGuid = {9F267704-7A3B-432A-9BB7-73CBAA27C510}
	EndGlobalSection
EndGlobal
